# This file is automatically @generated by Cargo.
# It is not intended for manual editing.
version = 4

[[package]]
name = "aead"
version = "0.5.2"
source = "registry+https://github.com/rust-lang/crates.io-index"
checksum = "d122413f284cf2d62fb1b7db97e02edb8cda96d769b16e443a4f6195e35662b0"
dependencies = [
 "crypto-common 0.1.7",
 "generic-array",
]

[[package]]
name = "aes"
version = "0.8.4"
source = "registry+https://github.com/rust-lang/crates.io-index"
checksum = "b169f7a6d4742236a0a00c541b845991d0ac43e546831af1249753ab4c3aa3a0"
dependencies = [
 "cfg-if",
 "cipher",
 "cpufeatures 0.2.17",
]

[[package]]
name = "aes-gcm"
version = "0.10.3"
source = "registry+https://github.com/rust-lang/crates.io-index"
checksum = "831010a0f742e1209b3bcea8fab6a8e149051ba6099432c8cb2cc117dec3ead1"
dependencies = [
 "aead",
 "aes",
 "cipher",
 "ctr",
 "ghash",
 "subtle",
]

[[package]]
name = "aho-corasick"
version = "1.1.5"
source = "registry+https://github.com/rust-lang/crates.io-index"
checksum = "c982642fa9e8606056828ee9a8505737230110bb1099153c79efe865c59d12ba"
dependencies = [
 "memchr",
]

[[package]]
name = "autocfg"
version = "1.5.1"
source = "registry+https://github.com/rust-lang/crates.io-index"
checksum = "f2032f911046de80f0a198e0901378627c33f59ea0ac00e363d481118bd70a53"

[[package]]
name = "base16ct"
version = "0.2.0"
source = "registry+https://github.com/rust-lang/crates.io-index"
checksum = "4c7f02d4ea65f2c1853089ffd8d2787bdbc63de2f0d29dedbcf8ccdfa0ccd4cf"

[[package]]
name = "base64ct"
version = "1.8.3"
source = "registry+https://github.com/rust-lang/crates.io-index"
checksum = "2af50177e190e07a26ab74f8b1efbfe2ef87da2116221318cb1c2e82baf7de06"

[[package]]
name = "bindgen"
version = "0.72.1"
source = "registry+https://github.com/rust-lang/crates.io-index"
checksum = "993776b509cfb49c750f11b8f07a46fa23e0a1386ffc01fb1e7d343efc387895"
dependencies = [
 "bitflags",
 "cexpr",
 "clang-sys",
 "itertools",
 "log",
 "prettyplease",
 "proc-macro2",
 "quote",
 "regex",
 "rustc-hash",
 "shlex 1.3.0",
 "syn 2.0.119",
]

[[package]]
name = "bitflags"
version = "2.13.2"
source = "registry+https://github.com/rust-lang/crates.io-index"
checksum = "3ded4057c258ba199e2d26386d3af3780957ecaee6c4ef4041c6b4b8b97c0b06"

[[package]]
name = "block-buffer"
version = "0.10.4"
source = "registry+https://github.com/rust-lang/crates.io-index"
checksum = "3078c7629b62d3f0439517fa394996acacc5cbc91c5a20d8c658e77abd503a71"
dependencies = [
 "generic-array",
]

[[package]]
name = "block-buffer"
version = "0.12.1"
source = "registry+https://github.com/rust-lang/crates.io-index"
checksum = "d2f6c7dbe95a6ed67ad9f18e57daf93a2f034c524b99fd2b76d18fdfeb6660aa"
dependencies = [
 "hybrid-array",
]

[[package]]
name = "bumpalo"
version = "3.20.3"
source = "registry+https://github.com/rust-lang/crates.io-index"
checksum = "72f5acc6cb2ba439de613abc23857ec3d78374d8ed5ac84e9d11336e87da8649"

[[package]]
name = "cc"
version = "1.6.0"
source = "registry+https://github.com/rust-lang/crates.io-index"
checksum = "f74872d07caf508b30a21f6836e7d7016a2eaf7d9ff4f48deaa58cd8a0407630"
dependencies = [
 "find-msvc-tools",
 "shlex 2.0.1",
]

[[package]]
name = "cexpr"
version = "0.6.0"
source = "registry+https://github.com/rust-lang/crates.io-index"
checksum = "6fac387a98bb7c37292057cffc56d62ecb629900026402633ae9160df93a8766"
dependencies = [
 "nom",
]

[[package]]
name = "cfg-if"
version = "1.0.5"
source = "registry+https://github.com/rust-lang/crates.io-index"
checksum = "4e7648175b45a9a48536d676f68d918270699102aa8dab5496df06904c914600"

[[package]]
name = "chacha20"
version = "0.9.1"
source = "registry+https://github.com/rust-lang/crates.io-index"
checksum = "c3613f74bd2eac03dad61bd53dbe620703d4371614fe0bc3b9f04dd36fe4e818"
dependencies = [
 "cfg-if",
 "cipher",
 "cpufeatures 0.2.17",
]

[[package]]
name = "chacha20"
version = "0.10.2"
source = "registry+https://github.com/rust-lang/crates.io-index"
checksum = "65c35e4b699c7e15ccbe7ee35c005e4fc0a278d22238a2857e6ce2dadeda1b06"
dependencies = [
 "cfg-if",
 "cpufeatures 0.3.1",
 "rand_core 0.10.1",
]

[[package]]
name = "chacha20poly1305"
version = "0.10.1"
source = "registry+https://github.com/rust-lang/crates.io-index"
checksum = "10cd79432192d1c0f4e1a0fef9527696cc039165d729fb41b3f4f4f354c2dc35"
dependencies = [
 "aead",
 "chacha20 0.9.1",
 "cipher",
 "poly1305",
 "zeroize",
]

[[package]]
name = "cipher"
version = "0.4.4"
source = "registry+https://github.com/rust-lang/crates.io-index"
checksum = "773f3b9af64447d2ce9850330c473515014aa235e6a783b02db81ff39e4a3dad"
dependencies = [
 "crypto-common 0.1.7",
 "inout",
 "zeroize",
]

[[package]]
name = "clang-sys"
version = "1.9.1"
source = "registry+https://github.com/rust-lang/crates.io-index"
checksum = "157a8ba7b480713b56f4c09fd13fc3e0a22a5dfab8097ba61cbc5feef950788a"
dependencies = [
 "glob",
 "libc",
 "libloading",
]

[[package]]
name = "cmov"
version = "0.5.4"
source = "registry+https://github.com/rust-lang/crates.io-index"
checksum = "0c9ea0ac24bc397ab3c98583a3c9ba74fa56b09a4449bbe172b9b1ddb016027a"

[[package]]
name = "const-oid"
version = "0.9.6"
source = "registry+https://github.com/rust-lang/crates.io-index"
checksum = "c2459377285ad874054d797f3ccebf984978aa39129f6eafde5cdc8315b612f8"

[[package]]
name = "const-oid"
version = "0.10.2"
source = "registry+https://github.com/rust-lang/crates.io-index"
checksum = "a6ef517f0926dd24a1582492c791b6a4818a4d94e789a334894aa15b0d12f55c"

[[package]]
name = "core-models"
version = "0.0.7"
source = "registry+https://github.com/rust-lang/crates.io-index"
checksum = "ee3344d349528f449816cfa85e558c439bdca5a6d8a738cfb21e69f0b2b1952f"
dependencies = [
 "hax-lib",
 "pastey",
 "rand 0.10.3",
]

[[package]]
name = "cpufeatures"
version = "0.2.17"
source = "registry+https://github.com/rust-lang/crates.io-index"
checksum = "59ed5838eebb26a2bb2e58f6d5b5316989ae9d08bab10e0e6d103e656d1b0280"
dependencies = [
 "libc",
]

[[package]]
name = "cpufeatures"
version = "0.3.1"
source = "registry+https://github.com/rust-lang/crates.io-index"
checksum = "5ca28b0ae3115b884660db4118d803791fd6756b6e88f39c0f3f7859060d7566"
dependencies = [
 "libc",
]

[[package]]
name = "crabgrind"
version = "0.2.6"
source = "registry+https://github.com/rust-lang/crates.io-index"
checksum = "cc7459e07732f6de74001fcf73a3fdfbb0f368e4fd8e2392f4a2206a065e6e95"
dependencies = [
 "bindgen",
 "cc",
 "pkg-config",
]

[[package]]
name = "crossbeam-deque"
version = "0.8.8"
source = "registry+https://github.com/rust-lang/crates.io-index"
checksum = "622f3fc73690be383c7214310406f28a90e6edeadc3cea882f9d71e495b9711a"
dependencies = [
 "crossbeam-epoch",
 "crossbeam-utils",
]

[[package]]
name = "crossbeam-epoch"
version = "0.9.21"
source = "registry+https://github.com/rust-lang/crates.io-index"
checksum = "dc74980687109a3b14c72fd458107bf0baa1da1a1a805e178d15501ba9b86d9d"
dependencies = [
 "crossbeam-utils",
]

[[package]]
name = "crossbeam-utils"
version = "0.8.23"
source = "registry+https://github.com/rust-lang/crates.io-index"
checksum = "a31eee39dddec8330830986fcd7625edb5a24ec90ea038215273bbc3adb08ac6"

[[package]]
name = "crypto-bigint"
version = "0.5.5"
source = "registry+https://github.com/rust-lang/crates.io-index"
checksum = "0dc92fb57ca44df6db8059111ab3af99a63d5d0f8375d9972e319a379c6bab76"
dependencies = [
 "generic-array",
 "rand_core 0.6.4",
 "subtle",
 "zeroize",
]

[[package]]
name = "crypto-common"
version = "0.1.7"
source = "registry+https://github.com/rust-lang/crates.io-index"
checksum = "78c8292055d1c1df0cce5d180393dc8cce0abec0a7102adb6c7b1eef6016d60a"
dependencies = [
 "generic-array",
 "rand_core 0.6.4",
 "typenum",
]

[[package]]
name = "crypto-common"
version = "0.2.2"
source = "registry+https://github.com/rust-lang/crates.io-index"
checksum = "ce6e4c961d6cd6c9a86db418387425e8bdeaf05b3c8bc1411e6dca4c252f1453"
dependencies = [
 "getrandom 0.4.3",
 "hybrid-array",
 "rand_core 0.10.1",
]

[[package]]
name = "ctr"
version = "0.9.2"
source = "registry+https://github.com/rust-lang/crates.io-index"
checksum = "0369ee1ad671834580515889b80f2ea915f23b8be8d0daa4bbaf2ac5c7590835"
dependencies = [
 "cipher",
]

[[package]]
name = "ctutils"
version = "0.4.3"
source = "registry+https://github.com/rust-lang/crates.io-index"
checksum = "03bb0e1cc970d482d121d9a1744999169b69a07470b3d644a7894e53fcaf4574"
dependencies = [
 "cmov",
]

[[package]]
name = "curve25519-dalek"
version = "4.1.3"
source = "registry+https://github.com/rust-lang/crates.io-index"
checksum = "97fb8b7c4503de7d6ae7b42ab72a5a59857b4c937ec27a3d4539dba95b5ab2be"
dependencies = [
 "cfg-if",
 "cpufeatures 0.2.17",
 "curve25519-dalek-derive",
 "digest 0.10.7",
 "fiat-crypto 0.2.9",
 "rustc_version",
 "subtle",
 "zeroize",
]

[[package]]
name = "curve25519-dalek"
version = "5.0.0"
source = "registry+https://github.com/rust-lang/crates.io-index"
checksum = "b5eed333089e2e1c1ac8c6c0398e5e2497b4c9926ca6d0365ed1e099afa5bc23"
dependencies = [
 "cfg-if",
 "cpufeatures 0.3.1",
 "curve25519-dalek-derive",
 "fiat-crypto 0.3.0",
 "rustc_version",
 "subtle",
]

[[package]]
name = "curve25519-dalek-derive"
version = "0.1.1"
source = "registry+https://github.com/rust-lang/crates.io-index"
checksum = "f46882e17999c6cc590af592290432be3bce0428cb0d5f8b6715e4dc7b383eb3"
dependencies = [
 "proc-macro2",
 "quote",
 "syn 2.0.119",
]

[[package]]
name = "der"
version = "0.7.10"
source = "registry+https://github.com/rust-lang/crates.io-index"
checksum = "e7c1832837b905bbfb5101e07cc24c8deddf52f93225eee6ead5f4d63d53ddcb"
dependencies = [
 "const-oid 0.9.6",
 "pem-rfc7468",
 "zeroize",
]

[[package]]
name = "der"
version = "0.8.2"
source = "registry+https://github.com/rust-lang/crates.io-index"
checksum = "a878c850e9e421b20262e9b41f9c860e4785fa07541c266b62ff9d1ef998a80a"
dependencies = [
 "const-oid 0.10.2",
 "zeroize",
]

[[package]]
name = "digest"
version = "0.10.7"
source = "registry+https://github.com/rust-lang/crates.io-index"
checksum = "9ed9a281f7bc9b7576e61468ba615a66a5c8cfdff42420a70aa82701a3b1e292"
dependencies = [
 "block-buffer 0.10.4",
 "const-oid 0.9.6",
 "crypto-common 0.1.7",
 "subtle",
]

[[package]]
name = "digest"
version = "0.11.3"
source = "registry+https://github.com/rust-lang/crates.io-index"
checksum = "f1dd6dbb5841937940781866fa1281a1ff7bd3bf827091440879f9994983d5c2"
dependencies = [
 "block-buffer 0.12.1",
 "const-oid 0.10.2",
 "crypto-common 0.2.2",
 "ctutils",
]

[[package]]
name = "ecdsa"
version = "0.16.9"
source = "registry+https://github.com/rust-lang/crates.io-index"
checksum = "ee27f32b5c5292967d2d4a9d7f1e0b0aed2c15daded5a60300e4abb9d8020bca"
dependencies = [
 "der 0.7.10",
 "digest 0.10.7",
 "elliptic-curve",
 "rfc6979",
 "signature 2.2.0",
 "spki 0.7.3",
]

[[package]]
name = "ed25519"
version = "2.2.3"
source = "registry+https://github.com/rust-lang/crates.io-index"
checksum = "115531babc129696a58c64a4fef0a8bf9e9698629fb97e9e40767d235cfbcd53"
dependencies = [
 "pkcs8 0.10.2",
 "signature 2.2.0",
]

[[package]]
name = "ed25519-dalek"
version = "2.2.0"
source = "registry+https://github.com/rust-lang/crates.io-index"
checksum = "70e796c081cee67dc755e1a36a0a172b897fab85fc3f6bc48307991f64e4eca9"
dependencies = [
 "curve25519-dalek 4.1.3",
 "ed25519",
 "rand_core 0.6.4",
 "serde",
 "sha2 0.10.9",
 "subtle",
 "zeroize",
]

[[package]]
name = "either"
version = "1.19.0"
source = "registry+https://github.com/rust-lang/crates.io-index"
checksum = "0e9c71c2167ca323c882b99918929403426e2373ea17242ff5653e0d5e1058be"

[[package]]
name = "elliptic-curve"
version = "0.13.8"
source = "registry+https://github.com/rust-lang/crates.io-index"
checksum = "b5e6043086bf7973472e0c7dff2142ea0b680d30e18d9cc40f267efbf222bd47"
dependencies = [
 "base16ct",
 "crypto-bigint",
 "digest 0.10.7",
 "ff",
 "generic-array",
 "group",
 "hkdf 0.12.4",
 "pem-rfc7468",
 "pkcs8 0.10.2",
 "rand_core 0.6.4",
 "sec1",
 "subtle",
 "zeroize",
]

[[package]]
name = "ff"
version = "0.13.1"
source = "registry+https://github.com/rust-lang/crates.io-index"
checksum = "c0b50bfb653653f9ca9095b427bed08ab8d75a137839d9ad64eb11810d5b6393"
dependencies = [
 "rand_core 0.6.4",
 "subtle",
]

[[package]]
name = "fiat-crypto"
version = "0.2.9"
source = "registry+https://github.com/rust-lang/crates.io-index"
checksum = "28dea519a9695b9977216879a3ebfddf92f1c08c05d984f8996aecd6ecdc811d"

[[package]]
name = "fiat-crypto"
version = "0.3.0"
source = "registry+https://github.com/rust-lang/crates.io-index"
checksum = "64cd1e32ddd350061ae6edb1b082d7c54915b5c672c389143b9a63403a109f24"

[[package]]
name = "find-msvc-tools"
version = "0.1.14"
source = "registry+https://github.com/rust-lang/crates.io-index"
checksum = "aedcfb3409746eddb02b9e19ebda1c3394f759a152e48ee875a0844d1b955484"

[[package]]
name = "futures-core"
version = "0.3.34"
source = "registry+https://github.com/rust-lang/crates.io-index"
checksum = "92d699e522242e69e3003b94ecc1f960f3a5e015aa7c5d7486e65ad01dd94f5e"

[[package]]
name = "futures-task"
version = "0.3.34"
source = "registry+https://github.com/rust-lang/crates.io-index"
checksum = "cd417de3d1d015fc3bfd2b1ea46dfc7bab72ef86f1cc7cc9c78e728b34a6d1fd"

[[package]]
name = "futures-util"
version = "0.3.34"
source = "registry+https://github.com/rust-lang/crates.io-index"
checksum = "0d50a92467f8ba5dd6e3ee5d4bd04d73ab2e4e1c44474a0674821dfce14b79bc"
dependencies = [
 "futures-core",
 "futures-task",
 "pin-project-lite",
 "slab",
]

[[package]]
name = "generic-array"
version = "0.14.7"
source = "registry+https://github.com/rust-lang/crates.io-index"
checksum = "85649ca51fd72272d7821adaf274ad91c288277713d9c18820d8499a7ff69e9a"
dependencies = [
 "typenum",
 "version_check",
 "zeroize",
]

[[package]]
name = "getrandom"
version = "0.2.17"
source = "registry+https://github.com/rust-lang/crates.io-index"
checksum = "ff2abc00be7fca6ebc474524697ae276ad847ad0a6b3faa4bcb027e9a4614ad0"
dependencies = [
 "cfg-if",
 "js-sys",
 "libc",
 "wasi",
 "wasm-bindgen",
]

[[package]]
name = "getrandom"
version = "0.4.3"
source = "registry+https://github.com/rust-lang/crates.io-index"
checksum = "300e883d756b2e4ec94e02791f39b04b522276138852cfc41d9fb7e904106099"
dependencies = [
 "cfg-if",
 "js-sys",
 "libc",
 "r-efi",
 "rand_core 0.10.1",
 "wasm-bindgen",
]

[[package]]
name = "ghash"
version = "0.5.1"
source = "registry+https://github.com/rust-lang/crates.io-index"
checksum = "f0d8a4362ccb29cb0b265253fb0a2728f592895ee6854fd9bc13f2ffda266ff1"
dependencies = [
 "opaque-debug",
 "polyval",
]

[[package]]
name = "glob"
version = "0.3.4"
source = "registry+https://github.com/rust-lang/crates.io-index"
checksum = "e4eba85ea1d0a966a983acd07deee566e67395d2d96b6fb39e62b5a833f1eb0b"

[[package]]
name = "group"
version = "0.13.0"
source = "registry+https://github.com/rust-lang/crates.io-index"
checksum = "f0f9ef7462f7c099f518d754361858f86d8a07af53ba9af0fe635bbccb151a63"
dependencies = [
 "ff",
 "rand_core 0.6.4",
 "subtle",
]

[[package]]
name = "hax-lib"
version = "0.3.7"
source = "registry+https://github.com/rust-lang/crates.io-index"
checksum = "01a33cb227f97ee5c419064c31d7c55a7d895f28d8019ccdadc311cc036500c4"
dependencies = [
 "hax-lib-macros",
 "num-bigint",
 "num-traits",
]

[[package]]
name = "hax-lib-macros"
version = "0.3.7"
source = "registry+https://github.com/rust-lang/crates.io-index"
checksum = "28da835a5f153e9f3d0cc1f42ee605a1cfa9093c93348193793d60a1b0908b51"
dependencies = [
 "hax-lib-macros-types",
 "proc-macro-error2",
 "proc-macro2",
 "quote",
 "syn 2.0.119",
]

[[package]]
name = "hax-lib-macros-types"
version = "0.3.7"
source = "registry+https://github.com/rust-lang/crates.io-index"
checksum = "eed327e9a28d6ee018a4a9ba842d4ee27e378c8a591d2beb6f42f32b24a02fcb"
dependencies = [
 "proc-macro2",
 "quote",
 "serde",
 "serde_json",
 "uuid",
]

[[package]]
name = "hkdf"
version = "0.12.4"
source = "registry+https://github.com/rust-lang/crates.io-index"
checksum = "7b5f8eb2ad728638ea2c7d47a21db23b7b58a72ed6a38256b8a1849f15fbbdf7"
dependencies = [
 "hmac 0.12.1",
]

[[package]]
name = "hkdf"
version = "0.13.0"
source = "registry+https://github.com/rust-lang/crates.io-index"
checksum = "4aaa26c720c68b866f2c96ef5c1264b3e6f473fe5d4ce61cd44bbe913e553018"
dependencies = [
 "hmac 0.13.0",
]

[[package]]
name = "hmac"
version = "0.12.1"
source = "registry+https://github.com/rust-lang/crates.io-index"
checksum = "6c49c37c09c17a53d937dfbb742eb3a961d65a994e6bcdcf37e7399d0cc8ab5e"
dependencies = [
 "digest 0.10.7",
]

[[package]]
name = "hmac"
version = "0.13.0"
source = "registry+https://github.com/rust-lang/crates.io-index"
checksum = "6303bc9732ae41b04cb554b844a762b4115a61bfaa81e3e83050991eeb56863f"
dependencies = [
 "digest 0.11.3",
]

[[package]]
name = "hpke-rs"
version = "0.7.0"
source = "registry+https://github.com/rust-lang/crates.io-index"
checksum = "812de62ab573b876c6c40d7553bae9402ae3bad95b64af06f964388eecb9b7b1"
dependencies = [
 "hpke-rs-crypto",
 "hpke-rs-libcrux",
 "hpke-rs-rust-crypto",
 "libcrux-sha3",
 "log",
 "serde",
 "subtle",
 "tls_codec",
 "zeroize",
]

[[package]]
name = "hpke-rs-crypto"
version = "0.7.0"
source = "registry+https://github.com/rust-lang/crates.io-index"
checksum = "d2c461da2e0c9c93d875b597f0c78214fb0d2d5c57834b2ef2a2fa057fa20e24"
dependencies = [
 "rand 0.10.3",
 "zeroize",
]

[[package]]
name = "hpke-rs-libcrux"
version = "0.7.0"
source = "registry+https://github.com/rust-lang/crates.io-index"
checksum = "4c1ace95ef11fbbd84527eada5fc1304f66720fc4c008db30d888d62d3c52613"
dependencies = [
 "hpke-rs-crypto",
 "libcrux-aead",
 "libcrux-ecdh",
 "libcrux-hkdf",
 "libcrux-kem",
 "libcrux-traits",
 "rand 0.10.3",
 "rand_chacha 0.10.0",
 "rand_core 0.10.1",
 "zeroize",
]

[[package]]
name = "hpke-rs-rust-crypto"
version = "0.7.0"
source = "registry+https://github.com/rust-lang/crates.io-index"
checksum = "3a606ac19851da841862ef5f39d26d6227bfcfb4047417801a66c1f6e6652d71"
dependencies = [
 "aes-gcm",
 "chacha20poly1305",
 "hkdf 0.13.0",
 "hpke-rs-crypto",
 "k256",
 "ml-kem",
 "p256",
 "p384",
 "rand 0.10.3",
 "rand_chacha 0.10.0",
 "rand_core 0.10.1",
 "sha2 0.11.0",
 "subtle",
 "x-wing",
 "x25519-dalek 2.0.1",
 "zeroize",
]

[[package]]
name = "hybrid-array"
version = "0.4.15"
source = "registry+https://github.com/rust-lang/crates.io-index"
checksum = "27f864f10dfb56725ce5ce5472bc52252c8f93a4ab86327122cebf62c5f59a17"
dependencies = [
 "ctutils",
 "typenum",
]

[[package]]
name = "inout"
version = "0.1.4"
source = "registry+https://github.com/rust-lang/crates.io-index"
checksum = "879f10e63c20629ecabbb64a8010319738c66a5cd0c29b02d63d272b03751d01"
dependencies = [
 "generic-array",
]

[[package]]
name = "itertools"
version = "0.13.0"
source = "registry+https://github.com/rust-lang/crates.io-index"
checksum = "413ee7dfc52ee1a4949ceeb7dbc8a33f2d6c088194d9f922fb8318faf1f01186"
dependencies = [
 "either",
]

[[package]]
name = "itoa"
version = "1.0.18"
source = "registry+https://github.com/rust-lang/crates.io-index"
checksum = "8f42a60cbdf9a97f5d2305f08a87dc4e09308d1276d28c869c684d7777685682"

[[package]]
name = "js-sys"
version = "0.3.106"
source = "registry+https://github.com/rust-lang/crates.io-index"
checksum = "7883d941dae510fb2d978fc3fe018c71c9e2892fd38854de3e8b92c2e5ad9cc5"
dependencies = [
 "cfg-if",
 "futures-util",
 "wasm-bindgen",
]

[[package]]
name = "k256"
version = "0.13.4"
source = "registry+https://github.com/rust-lang/crates.io-index"
checksum = "f6e3919bbaa2945715f0bb6d3934a173d1e9a59ac23767fbaaef277265a7411b"
dependencies = [
 "cfg-if",
 "elliptic-curve",
]

[[package]]
name = "keccak"
version = "0.2.2"
source = "registry+https://github.com/rust-lang/crates.io-index"
checksum = "d8f198d1db720e4940b5a493201d199d9f24f568f8f746bd13706243a2f71598"
dependencies = [
 "cfg-if",
 "cpufeatures 0.3.1",
]

[[package]]
name = "kem"
version = "0.3.0"
source = "registry+https://github.com/rust-lang/crates.io-index"
checksum = "01737161ba802849cfd486b5bd209d38ba4943494c249a8126005170c7621edd"
dependencies = [
 "crypto-common 0.2.2",
 "rand_core 0.10.1",
]

[[package]]
name = "libc"
version = "0.2.190"
source = "registry+https://github.com/rust-lang/crates.io-index"
checksum = "ce5d3ddc6d3fa000eb1536d85e147bfe31aacaba692ed6a876f95cb7c855be78"

[[package]]
name = "libcrux-aead"
version = "0.0.9"
source = "registry+https://github.com/rust-lang/crates.io-index"
checksum = "22acbe68be84b7b41aaba6e39b87036fc4324dee628d94773750bf3d7e906d69"
dependencies = [
 "libcrux-aes",
 "libcrux-chacha20poly1305",
 "libcrux-secrets",
 "libcrux-traits",
]

[[package]]
name = "libcrux-aes"
version = "0.0.9"
source = "registry+https://github.com/rust-lang/crates.io-index"
checksum = "57cc95b11dbc797b1e169467b1fc4205c4e6ee2ce516a035ad7342ce5f6ae971"
dependencies = [
 "libcrux-intrinsics",
 "libcrux-platform",
 "libcrux-secrets",
 "libcrux-traits",
]

[[package]]
name = "libcrux-chacha20poly1305"
version = "0.0.9"
source = "registry+https://github.com/rust-lang/crates.io-index"
checksum = "537e6eee5cdc9a980014d058784b0be09614f0596df789b114f7833aa9f35d75"
dependencies = [
 "libcrux-hacl-rs",
 "libcrux-macros",
 "libcrux-poly1305",
 "libcrux-secrets",
 "libcrux-traits",
]

[[package]]
name = "libcrux-curve25519"
version = "0.0.8"
source = "registry+https://github.com/rust-lang/crates.io-index"
checksum = "e4f3cfd5e31cb9745e290ee061222c380ec42884654b09fc7d12a5b0ed63e028"
dependencies = [
 "libcrux-hacl-rs",
 "libcrux-macros",
 "libcrux-secrets",
 "libcrux-traits",
]

[[package]]
name = "libcrux-ecdh"
version = "0.0.8"
source = "registry+https://github.com/rust-lang/crates.io-index"
checksum = "4a227590b89ff55ce7cd97b5a7468c82d231db8f3b890bb4d4fb6d271e7524d7"
dependencies = [
 "libcrux-curve25519",
 "libcrux-p256",
 "rand 0.10.3",
 "tls_codec",
]

[[package]]
name = "libcrux-hacl-rs"
version = "0.0.5"
source = "registry+https://github.com/rust-lang/crates.io-index"
checksum = "66106db376ae249af86911aee048cf73ea1f394d6653026fc988dd22cf2a4ace"
dependencies = [
 "libcrux-macros",
]

[[package]]
name = "libcrux-hkdf"
version = "0.0.8"
source = "registry+https://github.com/rust-lang/crates.io-index"
checksum = "dc94e651dca4d47edbcdd88bb2428ce16a2bd86b7a4e7170da87b505478f9839"
dependencies = [
 "libcrux-hacl-rs",
 "libcrux-hmac",
 "libcrux-secrets",
]

[[package]]
name = "libcrux-hmac"
version = "0.0.8"
source = "registry+https://github.com/rust-lang/crates.io-index"
checksum = "500ad9b32c715161b594172ca1fb11503a1c033b393ff4c0c33505ce51c1943c"
dependencies = [
 "libcrux-hacl-rs",
 "libcrux-macros",
 "libcrux-sha2",
 "libcrux-traits",
]

[[package]]
name = "libcrux-intrinsics"
version = "0.0.8"
source = "registry+https://github.com/rust-lang/crates.io-index"
checksum = "98a0c574d4eb81d0814bc2b91e4a433d7e0b35851b1d62eb5dd95c064f1f76d0"
dependencies = [
 "core-models",
 "hax-lib",
]

[[package]]
name = "libcrux-kem"
version = "0.0.9"
source = "registry+https://github.com/rust-lang/crates.io-index"
checksum = "541a7377fb35060892e0620982e224e47419f10da8c212453bf642dafe529691"
dependencies = [
 "libcrux-curve25519",
 "libcrux-ecdh",
 "libcrux-ml-kem",
 "libcrux-p256",
 "libcrux-sha3",
 "libcrux-traits",
 "rand 0.10.3",
]

[[package]]
name = "libcrux-macros"
version = "0.0.3"
source = "registry+https://github.com/rust-lang/crates.io-index"
checksum = "ffd6aa2dcd5be681662001b81d493f1569c6d49a32361f470b0c955465cd0338"
dependencies = [
 "quote",
 "syn 2.0.119",
]

[[package]]
name = "libcrux-ml-kem"
version = "0.0.10"
source = "registry+https://github.com/rust-lang/crates.io-index"
checksum = "1d8160f7d64fd2716b4fd05cc886a042f8dcda18d9206c0d506e2c67bdf97daa"
dependencies = [
 "hax-lib",
 "libcrux-intrinsics",
 "libcrux-platform",
 "libcrux-secrets",
 "libcrux-sha3",
 "libcrux-traits",
 "rand 0.10.3",
 "tls_codec",
]

[[package]]
name = "libcrux-p256"
version = "0.0.8"
source = "registry+https://github.com/rust-lang/crates.io-index"
checksum = "3400732702d578be622257b98cec85e9b0cd34a67f1f06d3ebe9ae34963cdf02"
dependencies = [
 "libcrux-hacl-rs",
 "libcrux-macros",
 "libcrux-secrets",
 "libcrux-sha2",
 "libcrux-traits",
]

[[package]]
name = "libcrux-platform"
version = "0.0.3"
source = "registry+https://github.com/rust-lang/crates.io-index"
checksum = "1d9e21d7ed31a92ac539bd69a8c970b183ee883872d2d19ce27036e24cb8ecc4"
dependencies = [
 "libc",
]

[[package]]
name = "libcrux-poly1305"
version = "0.0.6"
source = "registry+https://github.com/rust-lang/crates.io-index"
checksum = "76a9144949845813a0b8787d08cbba47baabe59c83f3043e558e6e92385c40cc"
dependencies = [
 "libcrux-hacl-rs",
 "libcrux-macros",
]

[[package]]
name = "libcrux-secrets"
version = "0.0.6"
source = "registry+https://github.com/rust-lang/crates.io-index"
checksum = "79054fc9037cb70d6a546cf094cea7d7df06af5e49d230ba24103d27ccc886f1"
dependencies = [
 "crabgrind",
 "hax-lib",
]

[[package]]
name = "libcrux-sha2"
version = "0.0.8"
source = "registry+https://github.com/rust-lang/crates.io-index"
checksum = "960e46e1be0b77098cc6ce82137864936ecad3a1b9fd4303dd51202ca140dd1e"
dependencies = [
 "libcrux-hacl-rs",
 "libcrux-macros",
 "libcrux-traits",
]

[[package]]
name = "libcrux-sha3"
version = "0.0.10"
source = "registry+https://github.com/rust-lang/crates.io-index"
checksum = "c09f5c39afae0528e1f70a3c1e3c6ee649ec1f19dda26fc9b6ea91108fb879ef"
dependencies = [
 "hax-lib",
 "libcrux-intrinsics",
 "libcrux-platform",
 "libcrux-traits",
]

[[package]]
name = "libcrux-traits"
version = "0.0.8"
source = "registry+https://github.com/rust-lang/crates.io-index"
checksum = "3fa7a21e8c2e8baa8b40f0b176740f2ca4baadd79d1b00e48d6b1e363c42085a"
dependencies = [
 "libcrux-secrets",
 "rand 0.10.3",
]

[[package]]
name = "libloading"
version = "0.8.9"
source = "registry+https://github.com/rust-lang/crates.io-index"
checksum = "d7c4b02199fee7c5d21a5ae7d8cfa79a6ef5bb2fc834d6e9058e89c825efdc55"
dependencies = [
 "cfg-if",
 "windows-link",
]

[[package]]
name = "log"
version = "0.4.34"
source = "registry+https://github.com/rust-lang/crates.io-index"
checksum = "f9f8bd3e56ce4dfc153cf470fffbfa98c7620958b312ca5c3a4b8d5181fd13c6"

[[package]]
name = "memchr"
version = "2.8.3"
source = "registry+https://github.com/rust-lang/crates.io-index"
checksum = "cf8baf1c55e62ffcace7a9f06f4bd9cd3f0c4beb022d3b367256b91b87513d98"

[[package]]
name = "minimal-lexical"
version = "0.2.1"
source = "registry+https://github.com/rust-lang/crates.io-index"
checksum = "68354c5c6bd36d73ff3feceb05efa59b6acb7626617f4962be322a825e61f79a"

[[package]]
name = "ml-dsa"
version = "0.1.1"
source = "registry+https://github.com/rust-lang/crates.io-index"
checksum = "add6b9d92e496f16f4526d68ff29da1483aba4b119baeab8bed3b9e3544a6f3d"
dependencies = [
 "const-oid 0.10.2",
 "crypto-common 0.2.2",
 "ctutils",
 "hybrid-array",
 "module-lattice",
 "pkcs8 0.11.0",
 "shake",
 "signature 3.0.0",
]

[[package]]
name = "ml-kem"
version = "0.3.2"
source = "registry+https://github.com/rust-lang/crates.io-index"
checksum = "5e15f3e5b957493873e396a66914e83e616b6afe335cdef7efe5c6e1216aba66"
dependencies = [
 "hybrid-array",
 "kem",
 "module-lattice",
 "rand_core 0.10.1",
 "sha3 0.11.0",
]

[[package]]
name = "mls-spike"
version = "0.1.0"
dependencies = [
 "ed25519-dalek",
 "getrandom 0.2.17",
 "getrandom 0.4.3",
 "openmls",
 "openmls_basic_credential",
 "openmls_rust_crypto",
 "openmls_traits",
 "rand 0.8.8",
 "serde",
 "serde_json",
 "thiserror",
 "wasm-bindgen",
]

[[package]]
name = "module-lattice"
version = "0.2.3"
source = "registry+https://github.com/rust-lang/crates.io-index"
checksum = "0c61b87c9683ab7cb1c6871d261ad5479b6b10ceb52c4352aaca3b5d35a8febe"
dependencies = [
 "ctutils",
 "hybrid-array",
 "num-traits",
]

[[package]]
name = "nom"
version = "7.1.3"
source = "registry+https://github.com/rust-lang/crates.io-index"
checksum = "d273983c5a657a70a3e8f2a01329822f3b8c8172b73826411a55751e404a0a4a"
dependencies = [
 "memchr",
 "minimal-lexical",
]

[[package]]
name = "num-bigint"
version = "0.4.8"
source = "registry+https://github.com/rust-lang/crates.io-index"
checksum = "c89e69e7e0f03bea5ef08013795c25018e101932225a656383bd384495ecc367"
dependencies = [
 "num-integer",
 "num-traits",
]

[[package]]
name = "num-integer"
version = "0.1.47"
source = "registry+https://github.com/rust-lang/crates.io-index"
checksum = "7ce2d95d4b3734dc35aa2f45e1aa22cd416814592a4f9d9205e11affd5b8e10b"
dependencies = [
 "num-traits",
]

[[package]]
name = "num-traits"
version = "0.2.19"
source = "registry+https://github.com/rust-lang/crates.io-index"
checksum = "071dfc062690e90b734c0b2273ce72ad0ffa95f0c74596bc250dcfd960262841"
dependencies = [
 "autocfg",
]

[[package]]
name = "once_cell"
version = "1.21.4"
source = "registry+https://github.com/rust-lang/crates.io-index"
checksum = "9f7c3e4beb33f85d45ae3e3a1792185706c8e16d043238c593331cc7cd313b50"

[[package]]
name = "opaque-debug"
version = "0.3.1"
source = "registry+https://github.com/rust-lang/crates.io-index"
checksum = "c08d65885ee38876c4f86fa503fb49d7b507c2b62552df7c70b2fce627e06381"

[[package]]
name = "openmls"
version = "0.9.0"
source = "registry+https://github.com/rust-lang/crates.io-index"
checksum = "b6b08d90fc020cb5354d5f08ca17711b84c82e2bcc7331753fd94f000d99a8c8"
dependencies = [
 "getrandom 0.4.3",
 "log",
 "openmls_serialization_helpers",
 "openmls_traits",
 "rayon",
 "serde",
 "serde_bytes",
 "thiserror",
 "tls_codec",
 "web-time",
 "zeroize",
]

[[package]]
name = "openmls_basic_credential"
version = "0.6.0"
source = "registry+https://github.com/rust-lang/crates.io-index"
checksum = "dbd3f0c3422e7c7a8496f042b547b0c28d0793f8ba97feb401966e58196a1e40"
dependencies = [
 "ed25519-dalek",
 "ml-dsa",
 "openmls_traits",
 "p256",
 "p384",
 "rand_core 0.6.4",
 "serde",
 "tls_codec",
 "zeroize",
]

[[package]]
name = "openmls_memory_storage"
version = "0.6.0"
source = "registry+https://github.com/rust-lang/crates.io-index"
checksum = "ce927945a16eaa19302ed5ccef052f01ba68f2ba7ae67e4ac4ff2fc661445364"
dependencies = [
 "log",
 "openmls_traits",
 "serde",
 "serde_json",
 "thiserror",
]

[[package]]
name = "openmls_rust_crypto"
version = "0.6.0"
source = "registry+https://github.com/rust-lang/crates.io-index"
checksum = "36bf3fe824ead6e81d22f49a9cd7feffca3494979fac14c1248e19516e3625f1"
dependencies = [
 "aes-gcm",
 "chacha20poly1305",
 "ed25519-dalek",
 "hkdf 0.13.0",
 "hmac 0.13.0",
 "hpke-rs",
 "hpke-rs-crypto",
 "hpke-rs-rust-crypto",
 "ml-dsa",
 "openmls_memory_storage",
 "openmls_traits",
 "p256",
 "p384",
 "rand_chacha 0.3.1",
 "rand_core 0.10.1",
 "rand_core 0.6.4",
 "sha2 0.11.0",
 "thiserror",
 "tls_codec",
]

[[package]]
name = "openmls_serialization_helpers"
version = "0.1.0"
source = "registry+https://github.com/rust-lang/crates.io-index"
checksum = "0e2cf2193541e83ce1a89aaa44c2fd4783abd54853823075a32b60ef032284c0"
dependencies = [
 "proc-macro2",
 "quote",
 "syn 2.0.119",
 "thiserror",
]

[[package]]
name = "openmls_traits"
version = "0.6.0"
source = "registry+https://github.com/rust-lang/crates.io-index"
checksum = "ac13edad8698eb1917cbc1dab99591fa1594d84320904fe3fc5121854f95831c"
dependencies = [
 "serde",
 "tls_codec",
]

[[package]]
name = "p256"
version = "0.13.2"
source = "registry+https://github.com/rust-lang/crates.io-index"
checksum = "c9863ad85fa8f4460f9c48cb909d38a0d689dba1f6f6988a5e3e0d31071bcd4b"
dependencies = [
 "ecdsa",
 "elliptic-curve",
 "primeorder",
 "sha2 0.10.9",
]

[[package]]
name = "p384"
version = "0.13.1"
source = "registry+https://github.com/rust-lang/crates.io-index"
checksum = "fe42f1670a52a47d448f14b6a5c61dd78fce51856e68edaa38f7ae3a46b8d6b6"
dependencies = [
 "ecdsa",
 "elliptic-curve",
 "primeorder",
 "sha2 0.10.9",
]

[[package]]
name = "pastey"
version = "0.2.3"
source = "registry+https://github.com/rust-lang/crates.io-index"
checksum = "2ee67f1008b1ba2321834326597b8e186293b049a023cdef258527550b9935b4"

[[package]]
name = "pem-rfc7468"
version = "0.7.0"
source = "registry+https://github.com/rust-lang/crates.io-index"
checksum = "88b39c9bfcfc231068454382784bb460aae594343fb030d46e9f50a645418412"
dependencies = [
 "base64ct",
]

[[package]]
name = "pin-project-lite"
version = "0.2.17"
source = "registry+https://github.com/rust-lang/crates.io-index"
checksum = "a89322df9ebe1c1578d689c92318e070967d1042b512afbe49518723f4e6d5cd"

[[package]]
name = "pkcs8"
version = "0.10.2"
source = "registry+https://github.com/rust-lang/crates.io-index"
checksum = "f950b2377845cebe5cf8b5165cb3cc1a5e0fa5cfa3e1f7f55707d8fd82e0a7b7"
dependencies = [
 "der 0.7.10",
 "spki 0.7.3",
]

[[package]]
name = "pkcs8"
version = "0.11.0"
source = "registry+https://github.com/rust-lang/crates.io-index"
checksum = "451913da69c775a56034ea8d9003d27ee8948e12443eae7c038ba100a4f21cb7"
dependencies = [
 "der 0.8.2",
 "spki 0.8.1",
]

[[package]]
name = "pkg-config"
version = "0.3.34"
source = "registry+https://github.com/rust-lang/crates.io-index"
checksum = "f6b464fbc74e149a392436b17d523f769e057cb6877f6a5c4618bc6f11800548"

[[package]]
name = "poly1305"
version = "0.8.0"
source = "registry+https://github.com/rust-lang/crates.io-index"
checksum = "8159bd90725d2df49889a078b54f4f79e87f1f8a8444194cdca81d38f5393abf"
dependencies = [
 "cpufeatures 0.2.17",
 "opaque-debug",
 "universal-hash",
]

[[package]]
name = "polyval"
version = "0.6.2"
source = "registry+https://github.com/rust-lang/crates.io-index"
checksum = "9d1fe60d06143b2430aa532c94cfe9e29783047f06c0d7fd359a9a51b729fa25"
dependencies = [
 "cfg-if",
 "cpufeatures 0.2.17",
 "opaque-debug",
 "universal-hash",
]

[[package]]
name = "ppv-lite86"
version = "0.2.21"
source = "registry+https://github.com/rust-lang/crates.io-index"
checksum = "85eae3c4ed2f50dcfe72643da4befc30deadb458a9b590d720cde2f2b1e97da9"
dependencies = [
 "zerocopy",
]

[[package]]
name = "prettyplease"
version = "0.2.37"
source = "registry+https://github.com/rust-lang/crates.io-index"
checksum = "479ca8adacdd7ce8f1fb39ce9ecccbfe93a3f1344b3d0d97f20bc0196208f62b"
dependencies = [
 "proc-macro2",
 "syn 2.0.119",
]

[[package]]
name = "primeorder"
version = "0.13.6"
source = "registry+https://github.com/rust-lang/crates.io-index"
checksum = "353e1ca18966c16d9deb1c69278edbc5f194139612772bd9537af60ac231e1e6"
dependencies = [
 "elliptic-curve",
]

[[package]]
name = "proc-macro-error-attr2"
version = "2.0.0"
source = "registry+https://github.com/rust-lang/crates.io-index"
checksum = "96de42df36bb9bba5542fe9f1a054b8cc87e172759a1868aa05c1f3acc89dfc5"
dependencies = [
 "proc-macro2",
 "quote",
]

[[package]]
name = "proc-macro-error2"
version = "2.0.1"
source = "registry+https://github.com/rust-lang/crates.io-index"
checksum = "11ec05c52be0a07b08061f7dd003e7d7092e0472bc731b4af7bb1ef876109802"
dependencies = [
 "proc-macro-error-attr2",
 "proc-macro2",
 "quote",
 "syn 2.0.119",
]

[[package]]
name = "proc-macro2"
version = "1.0.107"
source = "registry+https://github.com/rust-lang/crates.io-index"
checksum = "985e7ec9bb745e6ce6535b544d84d6cd6f7ad8bd711c398938ae983b91a766d9"
dependencies = [
 "unicode-ident",
]

[[package]]
name = "quote"
version = "1.0.47"
source = "registry+https://github.com/rust-lang/crates.io-index"
checksum = "1fbf4db142a473a8d80c26bbf18454ed458bf8d26c8219c331daecfdbd079001"
dependencies = [
 "proc-macro2",
]

[[package]]
name = "r-efi"
version = "6.0.0"
source = "registry+https://github.com/rust-lang/crates.io-index"
checksum = "f8dcc9c7d52a811697d2151c701e0d08956f92b0e24136cf4cf27b57a6a0d9bf"

[[package]]
name = "rand"
version = "0.8.8"
source = "registry+https://github.com/rust-lang/crates.io-index"
checksum = "e058c7de0b26af77780c769414d6257830bb240f3c38477dbc2c16e5f54d6d4c"
dependencies = [
 "libc",
 "rand_chacha 0.3.1",
 "rand_core 0.6.4",
]

[[package]]
name = "rand"
version = "0.10.3"
source = "registry+https://github.com/rust-lang/crates.io-index"
checksum = "65c9fb96cbc91e3478eaae79a69fcd3f1ae4ad052e471fe6732fff548984b4af"
dependencies = [
 "chacha20 0.10.2",
 "getrandom 0.4.3",
 "rand_core 0.10.1",
]

[[package]]
name = "rand_chacha"
version = "0.3.1"
source = "registry+https://github.com/rust-lang/crates.io-index"
checksum = "e6c10a63a0fa32252be49d21e7709d4d4baf8d231c2dbce1eaa8141b9b127d88"
dependencies = [
 "ppv-lite86",
 "rand_core 0.6.4",
]

[[package]]
name = "rand_chacha"
version = "0.10.0"
source = "registry+https://github.com/rust-lang/crates.io-index"
checksum = "3e6af7f3e25ded52c41df4e0b1af2d047e45896c2f3281792ed68a1c243daedb"
dependencies = [
 "ppv-lite86",
 "rand_core 0.10.1",
]

[[package]]
name = "rand_core"
version = "0.6.4"
source = "registry+https://github.com/rust-lang/crates.io-index"
checksum = "ec0be4795e2f6a28069bec0b5ff3e2ac9bafc99e6a9a7dc3547996c5c816922c"
dependencies = [
 "getrandom 0.2.17",
]

[[package]]
name = "rand_core"
version = "0.10.1"
source = "registry+https://github.com/rust-lang/crates.io-index"
checksum = "63b8176103e19a2643978565ca18b50549f6101881c443590420e4dc998a3c69"

[[package]]
name = "rayon"
version = "1.12.0"
source = "registry+https://github.com/rust-lang/crates.io-index"
checksum = "fb39b166781f92d482534ef4b4b1b2568f42613b53e5b6c160e24cfbfa30926d"
dependencies = [
 "either",
 "rayon-core",
]

[[package]]
name = "rayon-core"
version = "1.13.0"
source = "registry+https://github.com/rust-lang/crates.io-index"
checksum = "22e18b0f0062d30d4230b2e85ff77fdfe4326feb054b9783a3460d8435c8ab91"
dependencies = [
 "crossbeam-deque",
 "crossbeam-utils",
]

[[package]]
name = "regex"
version = "1.13.1"
source = "registry+https://github.com/rust-lang/crates.io-index"
checksum = "f020237b6c8eed93db2e2cb53c00c60a8e1bc73da7d073199a1180401450218d"
dependencies = [
 "aho-corasick",
 "memchr",
 "regex-automata",
 "regex-syntax",
]

[[package]]
name = "regex-automata"
version = "0.4.18"
source = "registry+https://github.com/rust-lang/crates.io-index"
checksum = "ad8553b9b26413251cbf30e620595c7a41b3887f03da04579c0e6b0d6a06b4b2"
dependencies = [
 "aho-corasick",
 "memchr",
 "regex-syntax",
]

[[package]]
name = "regex-syntax"
version = "0.8.11"
source = "registry+https://github.com/rust-lang/crates.io-index"
checksum = "d6f6ff9a378485b298a5286656da665ba74413d36db0979633275d2e708145d4"

[[package]]
name = "rfc6979"
version = "0.4.0"
source = "registry+https://github.com/rust-lang/crates.io-index"
checksum = "f8dd2a808d456c4a54e300a23e9f5a67e122c3024119acbfd73e3bf664491cb2"
dependencies = [
 "hmac 0.12.1",
 "subtle",
]

[[package]]
name = "rustc-hash"
version = "2.1.3"
source = "registry+https://github.com/rust-lang/crates.io-index"
checksum = "6b1e7f9a428571be2dc5bc0505c13fb6bf936822b894ec87abf8a08a4e51742d"

[[package]]
name = "rustc_version"
version = "0.4.1"
source = "registry+https://github.com/rust-lang/crates.io-index"
checksum = "cfcb3a22ef46e85b45de6ee7e79d063319ebb6594faafcf1c225ea92ab6e9b92"
dependencies = [
 "semver",
]

[[package]]
name = "rustversion"
version = "1.0.23"
source = "registry+https://github.com/rust-lang/crates.io-index"
checksum = "cf54715a573b99ac80df0bc206da022bcd442c974952c7b9720069370852e21f"

[[package]]
name = "sec1"
version = "0.7.3"
source = "registry+https://github.com/rust-lang/crates.io-index"
checksum = "d3e97a565f76233a6003f9f5c54be1d9c5bdfa3eccfb189469f11ec4901c47dc"
dependencies = [
 "base16ct",
 "der 0.7.10",
 "generic-array",
 "pkcs8 0.10.2",
 "subtle",
 "zeroize",
]

[[package]]
name = "semver"
version = "1.0.28"
source = "registry+https://github.com/rust-lang/crates.io-index"
checksum = "8a7852d02fc848982e0c167ef163aaff9cd91dc640ba85e263cb1ce46fae51cd"

[[package]]
name = "serde"
version = "1.0.229"
source = "registry+https://github.com/rust-lang/crates.io-index"
checksum = "4148590afebada386688f18773da617792bf2ef03ffc1e4cbd2b1d45b023e0ba"
dependencies = [
 "serde_core",
 "serde_derive",
]

[[package]]
name = "serde_bytes"
version = "0.11.19"
source = "registry+https://github.com/rust-lang/crates.io-index"
checksum = "a5d440709e79d88e51ac01c4b72fc6cb7314017bb7da9eeff678aa94c10e3ea8"
dependencies = [
 "serde",
 "serde_core",
]

[[package]]
name = "serde_core"
version = "1.0.229"
source = "registry+https://github.com/rust-lang/crates.io-index"
checksum = "67dca2c9c51e58a4791a4b1ed58308b39c64224d349a935ab5039aa360942a48"
dependencies = [
 "serde_derive",
]

[[package]]
name = "serde_derive"
version = "1.0.229"
source = "registry+https://github.com/rust-lang/crates.io-index"
checksum = "e7a5d71263a5a7d47b41f6b3f06ba276f10cc18b0931f1799f710578e2309348"
dependencies = [
 "proc-macro2",
 "quote",
 "syn 3.0.6",
]

[[package]]
name = "serde_json"
version = "1.0.151"
source = "registry+https://github.com/rust-lang/crates.io-index"
checksum = "c841b55ecdae098c80dcae9cf767f6f8a0c2cdb3416bbef72181df4d0fe73f14"
dependencies = [
 "itoa",
 "memchr",
 "serde",
 "serde_core",
 "zmij",
]

[[package]]
name = "sha2"
version = "0.10.9"
source = "registry+https://github.com/rust-lang/crates.io-index"
checksum = "a7507d819769d01a365ab707794a4084392c824f54a7a6a7862f8c3d0892b283"
dependencies = [
 "cfg-if",
 "cpufeatures 0.2.17",
 "digest 0.10.7",
]

[[package]]
name = "sha2"
version = "0.11.0"
source = "registry+https://github.com/rust-lang/crates.io-index"
checksum = "446ba717509524cb3f22f17ecc096f10f4822d76ab5c0b9822c5f9c284e825f4"
dependencies = [
 "cfg-if",
 "cpufeatures 0.3.1",
 "digest 0.11.3",
]

[[package]]
name = "sha3"
version = "0.11.0"
source = "registry+https://github.com/rust-lang/crates.io-index"
checksum = "be176f1a57ce4e3d31c1a166222d9768de5954f811601fb7ca06fc8203905ce1"
dependencies = [
 "digest 0.11.3",
 "keccak",
]

[[package]]
name = "sha3"
version = "0.12.0"
source = "registry+https://github.com/rust-lang/crates.io-index"
checksum = "bc9bad02c26382724b2d2692c6f179285e4b54eeecd7968f52a50059c3c11759"
dependencies = [
 "digest 0.11.3",
 "keccak",
 "sponge-cursor",
]

[[package]]
name = "shake"
version = "0.1.0"
source = "registry+https://github.com/rust-lang/crates.io-index"
checksum = "09057cb2149ad4cbd2da1e26b351f9a4c354219421229c69c3063e6f61947c4a"
dependencies = [
 "digest 0.11.3",
 "keccak",
 "sponge-cursor",
]

[[package]]
name = "shlex"
version = "1.3.0"
source = "registry+https://github.com/rust-lang/crates.io-index"
checksum = "0fda2ff0d084019ba4d7c6f371c95d8fd75ce3524c3cb8fb653a3023f6323e64"

[[package]]
name = "shlex"
version = "2.0.1"
source = "registry+https://github.com/rust-lang/crates.io-index"
checksum = "f8fadd59c855ef2080decdef8ff161eb6661b86933c9d82e5ba29dc602a55aba"

[[package]]
name = "signature"
version = "2.2.0"
source = "registry+https://github.com/rust-lang/crates.io-index"
checksum = "77549399552de45a898a580c1b41d445bf730df867cc44e6c0233bbc4b8329de"
dependencies = [
 "digest 0.10.7",
 "rand_core 0.6.4",
]

[[package]]
name = "signature"
version = "3.0.0"
source = "registry+https://github.com/rust-lang/crates.io-index"
checksum = "28d567dcbaf0049cb8ac2608a76cd95ff9e4412e1899d389ee400918ca7537f5"
dependencies = [
 "digest 0.11.3",
 "rand_core 0.10.1",
]

[[package]]
name = "slab"
version = "0.4.12"
source = "registry+https://github.com/rust-lang/crates.io-index"
checksum = "0c790de23124f9ab44544d7ac05d60440adc586479ce501c1d6d7da3cd8c9cf5"

[[package]]
name = "spki"
version = "0.7.3"
source = "registry+https://github.com/rust-lang/crates.io-index"
checksum = "d91ed6c858b01f942cd56b37a94b3e0a1798290327d1236e4d9cf4eaca44d29d"
dependencies = [
 "base64ct",
 "der 0.7.10",
]

[[package]]
name = "spki"
version = "0.8.1"
source = "registry+https://github.com/rust-lang/crates.io-index"
checksum = "7ef958a98b9d5da290cfc78946e9f3e61e1e62a18db0d92cac0b83cc161491a9"
dependencies = [
 "base64ct",
 "der 0.8.2",
]

[[package]]
name = "sponge-cursor"
version = "0.1.0"
source = "registry+https://github.com/rust-lang/crates.io-index"
checksum = "3a0219bd7d979d58245a4f41f695e1ac9f8befdffadd7f61f1bae9e39abc6620"

[[package]]
name = "subtle"
version = "2.6.1"
source = "registry+https://github.com/rust-lang/crates.io-index"
checksum = "13c2bddecc57b384dee18652358fb23172facb8a2c51ccc10d74c157bdea3292"

[[package]]
name = "syn"
version = "2.0.119"
source = "registry+https://github.com/rust-lang/crates.io-index"
checksum = "872831b642d1a07999a962a351ed35b955ea2cfc8f3862091e2a240a84f17297"
dependencies = [
 "proc-macro2",
 "quote",
 "unicode-ident",
]

[[package]]
name = "syn"
version = "3.0.6"
source = "registry+https://github.com/rust-lang/crates.io-index"
checksum = "8593e8e72159ed2257d083c7a454a85cbf854f37a0966d8d483aff8c8a3ebcee"
dependencies = [
 "proc-macro2",
 "quote",
 "unicode-ident",
]

[[package]]
name = "thiserror"
version = "2.0.21"
source = "registry+https://github.com/rust-lang/crates.io-index"
checksum = "09e52cb86a36cede5cb101bf8908837b3e4c6e5e59fe7fd85c23fb56200d189e"
dependencies = [
 "thiserror-impl",
]

[[package]]
name = "thiserror-impl"
version = "2.0.21"
source = "registry+https://github.com/rust-lang/crates.io-index"
checksum = "fe5197923287db20a58125f0bc85c062f7f2c892de97b18c356f9efb14b28524"
dependencies = [
 "proc-macro2",
 "quote",
 "syn 3.0.6",
]

[[package]]
name = "tls_codec"
version = "0.5.0"
source = "registry+https://github.com/rust-lang/crates.io-index"
checksum = "18cc98286004cea38f717e2b03d990fc774fbfd38a82720de40e5c94365067c8"
dependencies = [
 "serde",
 "serde_bytes",
 "tls_codec_derive",
 "zeroize",
]

[[package]]
name = "tls_codec_derive"
version = "0.5.0"
source = "registry+https://github.com/rust-lang/crates.io-index"
checksum = "674f41dd95f76cdeb005c83f9444e20cf43daebef37cde9e49a9ca6f4e87b423"
dependencies = [
 "proc-macro2",
 "quote",
 "syn 2.0.119",
]

[[package]]
name = "typenum"
version = "1.20.1"
source = "registry+https://github.com/rust-lang/crates.io-index"
checksum = "b6f5e870be6c3b371b77fe0ee0bafb859fa4964b4404c27de1d380043c4dda20"

[[package]]
name = "unicode-ident"
version = "1.0.26"
source = "registry+https://github.com/rust-lang/crates.io-index"
checksum = "d245f478577f809a851594d02313b640fb437e0bb33866753cff937863096954"

[[package]]
name = "universal-hash"
version = "0.5.1"
source = "registry+https://github.com/rust-lang/crates.io-index"
checksum = "fc1de2c688dc15305988b563c3854064043356019f97a4b46276fe734c4f07ea"
dependencies = [
 "crypto-common 0.1.7",
 "subtle",
]

[[package]]
name = "uuid"
version = "1.27.0"
source = "registry+https://github.com/rust-lang/crates.io-index"
checksum = "97277d36b9c3ace13e58fa6e753f8b0bbbf302a18dd193240d70f9e29681059a"
dependencies = [
 "getrandom 0.4.3",
 "js-sys",
 "wasm-bindgen",
]

[[package]]
name = "version_check"
version = "0.9.5"
source = "registry+https://github.com/rust-lang/crates.io-index"
checksum = "0b928f33d975fc6ad9f86c8f283853ad26bdd5b10b7f1542aa2fa15e2289105a"

[[package]]
name = "wasi"
version = "0.11.1+wasi-snapshot-preview1"
source = "registry+https://github.com/rust-lang/crates.io-index"
checksum = "ccf3ec651a847eb01de73ccad15eb7d99f80485de043efb2f370cd654f4ea44b"

[[package]]
name = "wasm-bindgen"
version = "0.2.129"
source = "registry+https://github.com/rust-lang/crates.io-index"
checksum = "9bb54f33acc68fd454578d9820b0bde1a1a3d17aa17bb7b6595806d02886d409"
dependencies = [
 "cfg-if",
 "once_cell",
 "rustversion",
 "wasm-bindgen-macro",
 "wasm-bindgen-shared",
]

[[package]]
name = "wasm-bindgen-macro"
version = "0.2.129"
source = "registry+https://github.com/rust-lang/crates.io-index"
checksum = "2e29d0c35b16e224a7eeb5cd2d25e3e1968fbd65604117b44d3b789d00ee8535"
dependencies = [
 "quote",
 "wasm-bindgen-macro-support",
]

[[package]]
name = "wasm-bindgen-macro-support"
version = "0.2.129"
source = "registry+https://github.com/rust-lang/crates.io-index"
checksum = "6f501a8bc3719dba86ef8ae4728879c08001bea749eb1333ac5b91e040e2a6b7"
dependencies = [
 "bumpalo",
 "proc-macro2",
 "quote",
 "syn 3.0.6",
 "wasm-bindgen-shared",
]

[[package]]
name = "wasm-bindgen-shared"
version = "0.2.129"
source = "registry+https://github.com/rust-lang/crates.io-index"
checksum = "23f0c9c52aa7cd7d77769a4cfe2a9adb1b331f489a41d912ce14513d5ab995c6"
dependencies = [
 "unicode-ident",
]

[[package]]
name = "web-time"
version = "1.1.0"
source = "registry+https://github.com/rust-lang/crates.io-index"
checksum = "5a6580f308b1fad9207618087a65c04e7a10bc77e02c8e84e9b00dd4b12fa0bb"
dependencies = [
 "js-sys",
 "serde",
 "wasm-bindgen",
]

[[package]]
name = "windows-link"
version = "0.2.1"
source = "registry+https://github.com/rust-lang/crates.io-index"
checksum = "f0805222e57f7521d6a62e36fa9163bc891acd422f971defe97d64e70d0a4fe5"

[[package]]
name = "x-wing"
version = "0.1.1"
source = "registry+https://github.com/rust-lang/crates.io-index"
checksum = "01576e56599d01d75c5efcd5b30fa5de29e776f5a225e43fbf8c92c7302d4c8b"
dependencies = [
 "kem",
 "ml-kem",
 "sha3 0.12.0",
 "shake",
 "x25519-dalek 3.0.0",
]

[[package]]
name = "x25519-dalek"
version = "2.0.1"
source = "registry+https://github.com/rust-lang/crates.io-index"
checksum = "c7e468321c81fb07fa7f4c636c3972b9100f0346e5b6a9f2bd0603a52f7ed277"
dependencies = [
 "curve25519-dalek 4.1.3",
 "rand_core 0.6.4",
 "serde",
 "zeroize",
]

[[package]]
name = "x25519-dalek"
version = "3.0.0"
source = "registry+https://github.com/rust-lang/crates.io-index"
checksum = "e7e8131a03190127fb2263afc72b322ecadae46b6ff8c6f399ff5d02f5559af6"
dependencies = [
 "curve25519-dalek 5.0.0",
 "rand_core 0.10.1",
]

[[package]]
name = "zerocopy"
version = "0.8.61"
source = "registry+https://github.com/rust-lang/crates.io-index"
checksum = "879fb705ce98c32e41ebdb970fbe1204f8492423b314c6ab0354c3e7b5542866"
dependencies = [
 "zerocopy-derive",
]

[[package]]
name = "zerocopy-derive"
version = "0.8.61"
source = "registry+https://github.com/rust-lang/crates.io-index"
checksum = "708882a28301d604fa039cc7727607a98d04c4b86dc76ec9cc683f805d709759"
dependencies = [
 "proc-macro2",
 "quote",
 "syn 2.0.119",
]

[[package]]
name = "zeroize"
version = "1.9.1"
source = "registry+https://github.com/rust-lang/crates.io-index"
checksum = "e13084392c5e4bc371903e2935a5eaeed24905a7511356b883835e18a78f6879"
dependencies = [
 "zeroize_derive",
]

[[package]]
name = "zeroize_derive"
version = "1.5.0"
source = "registry+https://github.com/rust-lang/crates.io-index"
checksum = "3c50655cbb0fe3fc43170059e702f1ce5e19b84cec58dc87b037a09935c2f328"
dependencies = [
 "proc-macro2",
 "quote",
 "syn 2.0.119",
]

[[package]]
name = "zmij"
version = "1.0.23"
source = "registry+https://github.com/rust-lang/crates.io-index"
checksum = "29666d0abbfad1e3dc4dcf6144730dd3a3ab225bbbdac83319345b1b44ccfc1b"
